
Microsoft Visual Studio Solution File, Format Version 12.00
# Visual Studio Version 17
VisualStudioVersion = 17.8.34525.116
MinimumVisualStudioVersion = 10.0.40219.1
Project("{FAE04EC0-301F-11D3-BF4B-00C04F79EFBC}") = "RealEstate_Dapper_Api", "RealEstate_Dapper_Api\RealEstate_Dapper_Api.csproj", "{C324FA47-70FB-4432-BBE3-1E44A5312E93}"
EndProject
Project("{FAE04EC0-301F-11D3-BF4B-00C04F79EFBC}") = "RealEstate_Dapper_UI", "RealEstate_Dapper_UI\RealEstate_Dapper_UI.csproj", "{4C5B772E-B5D2-47B7-AF35-182B8336EAA1}"
EndProject
Global
	GlobalSection(SolutionConfigurationPlatforms) = preSolution
		Debug|Any CPU = Debug|Any CPU
		Release|Any CPU = Release|Any CPU
	EndGlobalSection
	GlobalSection(ProjectConfigurationPlatforms) = postSolution
		{C324FA47-70FB-4432-BBE3-1E44A5312E93}.Debug|Any CPU.ActiveCfg = Debug|Any CPU
		{C324FA47-70FB-4432-BBE3-1E44A5312E93}.Debug|Any CPU.Build.0 = Debug|Any CPU
		{C324FA47-70FB-4432-BBE3-1E44A5312E93}.Release|Any CPU.ActiveCfg = Release|Any CPU
		{C324FA47-70FB-4432-BBE3-1E44A5312E93}.Release|Any CPU.Build.0 = Release|Any CPU
		{4C5B772E-B5D2-47B7-AF35-182B8336EAA1}.Debug|Any CPU.ActiveCfg = Debug|Any CPU
		{4C5B772E-B5D2-47B7-AF35-182B8336EAA1}.Debug|Any CPU.Build.0 = Debug|Any CPU
		{4C5B772E-B5D2-47B7-AF35-182B8336EAA1}.Release|Any CPU.ActiveCfg = Release|Any CPU
		{4C5B772E-B5D2-47B7-AF35-182B8336EAA1}.Release|Any CPU.Build.0 = Release|Any CPU
	EndGlobalSection
	GlobalSection(SolutionProperties) = preSolution
		HideSolutionNode = FALSE
	EndGlobalSection
	GlobalSection(ExtensibilityGlobals) = postSolution
		SolutionGuid = {CD456BB1-BBBF-4930-A2FD-30DF0D615E4C}
	EndGlobalSection
EndGlobal
